Microsoft Visual Studio Solution File, Format Version 12.00
# Visual Studio Version 17
VisualStudioVersion = 17.5.2.0
MinimumVisualStudioVersion = 10.0.40219.1
Project("{FAE04EC0-301F-11D3-BF4B-00C04F79EFBC}") = "ResaBackend", "ResaBackend\ResaBackend.csproj", "{9DE9AC18-4062-60C8-E598-672D6F903DE1}"
EndProject
Global
	GlobalSection(SolutionConfigurationPlatforms) = preSolution
		Debug|Any CPU = Debug|Any CPU
		Release|Any CPU = Release|Any CPU
	EndGlobalSection
	GlobalSection(ProjectConfigurationPlatforms) = postSolution
		{9DE9AC18-4062-60C8-E598-672D6F903DE1}.Debug|Any CPU.ActiveCfg = Debug|Any CPU
		{9DE9AC18-4062-60C8-E598-672D6F903DE1}.Debug|Any CPU.Build.0 = Debug|Any CPU
		{9DE9AC18-4062-60C8-E598-672D6F903DE1}.Release|Any CPU.ActiveCfg = Release|Any CPU
		{9DE9AC18-4062-60C8-E598-672D6F903DE1}.Release|Any CPU.Build.0 = Release|Any CPU
	EndGlobalSection
	GlobalSection(SolutionProperties) = preSolution
		HideSolutionNode = FALSE
	EndGlobalSection
	GlobalSection(ExtensibilityGlobals) = postSolution
		SolutionGuid = {448FDC22-FEDF-47FB-81FF-51AA992F2D21}
	EndGlobalSection
EndGlobal
